
Microsoft Visual Studio Solution File, Format Version 12.00
# Visual Studio Version 17
VisualStudioVersion = 17.5.002.0
MinimumVisualStudioVersion = 10.0.40219.1
Project("{9A19103F-16F7-4668-BE54-9A1E7A4F7556}") = "Arc.UniInk", "Arc.UniInk.csproj", "{5329DC1D-64A0-472A-BDD9-51901FB554AF}"
EndProject
Global
	GlobalSection(SolutionConfigurationPlatforms) = preSolution
		Debug|Any CPU = Debug|Any CPU
		Release|Any CPU = Release|Any CPU
	EndGlobalSection
	GlobalSection(ProjectConfigurationPlatforms) = postSolution
		{5329DC1D-64A0-472A-BDD9-51901FB554AF}.Debug|Any CPU.ActiveCfg = Debug|Any CPU
		{5329DC1D-64A0-472A-BDD9-51901FB554AF}.Debug|Any CPU.Build.0 = Debug|Any CPU
		{5329DC1D-64A0-472A-BDD9-51901FB554AF}.Release|Any CPU.ActiveCfg = Release|Any CPU
		{5329DC1D-64A0-472A-BDD9-51901FB554AF}.Release|Any CPU.Build.0 = Release|Any CPU
	EndGlobalSection
	GlobalSection(SolutionProperties) = preSolution
		HideSolutionNode = FALSE
	EndGlobalSection
	GlobalSection(ExtensibilityGlobals) = postSolution
		SolutionGuid = {A6259187-C968-45BB-B6E7-8223522BC52E}
	EndGlobalSection
EndGlobal
